
Microsoft Visual Studio Solution File, Format Version 12.00
# Visual Studio Version 16
VisualStudioVersion = 16.0.31019.35
MinimumVisualStudioVersion = 10.0.40219.1
Project("{FAE04EC0-301F-11D3-BF4B-00C04F79EFBC}") = "FitnessTracker", "FitnessTracker\FitnessTracker.csproj", "{3A3C2DB2-42B9-4071-BCB0-D4FAD4209B32}"
EndProject
Global
	GlobalSection(SolutionConfigurationPlatforms) = preSolution
		Debug|Any CPU = Debug|Any CPU
		Release|Any CPU = Release|Any CPU
	EndGlobalSection
	GlobalSection(ProjectConfigurationPlatforms) = postSolution
		{3A3C2DB2-42B9-4071-BCB0-D4FAD4209B32}.Debug|Any CPU.ActiveCfg = Debug|Any CPU
		{3A3C2DB2-42B9-4071-BCB0-D4FAD4209B32}.Debug|Any CPU.Build.0 = Debug|Any CPU
		{3A3C2DB2-42B9-4071-BCB0-D4FAD4209B32}.Release|Any CPU.ActiveCfg = Release|Any CPU
		{3A3C2DB2-42B9-4071-BCB0-D4FAD4209B32}.Release|Any CPU.Build.0 = Release|Any CPU
	EndGlobalSection
	GlobalSection(SolutionProperties) = preSolution
		HideSolutionNode = FALSE
	EndGlobalSection
	GlobalSection(ExtensibilityGlobals) = postSolution
		SolutionGuid = {D20E5E15-6CBD-484E-A66F-327A443CDEAE}
	EndGlobalSection
EndGlobal
